
Microsoft Visual Studio Solution File, Format Version 12.00
# Visual Studio Version 17
VisualStudioVersion = 17.5.33516.290
MinimumVisualStudioVersion = 10.0.40219.1
Project("{9A19103F-16F7-4668-BE54-9A1E7A4F7556}") = "selenium-webdriver-demo", "selenium-webdriver-demo\selenium-webdriver-demo.csproj", "{E2EBFC38-FE0E-4441-BD9E-DB0143B2A8F7}"
EndProject
Project("{FAE04EC0-301F-11D3-BF4B-00C04F79EFBC}") = "title-test", "title-test\title-test.csproj", "{6DCB5D5F-C114-4C13-9D44-787E3620CAB3}"
EndProject
Global
	GlobalSection(SolutionConfigurationPlatforms) = preSolution
		Debug|Any CPU = Debug|Any CPU
		Release|Any CPU = Release|Any CPU
	EndGlobalSection
	GlobalSection(ProjectConfigurationPlatforms) = postSolution
		{E2EBFC38-FE0E-4441-BD9E-DB0143B2A8F7}.Debug|Any CPU.ActiveCfg = Debug|Any CPU
		{E2EBFC38-FE0E-4441-BD9E-DB0143B2A8F7}.Debug|Any CPU.Build.0 = Debug|Any CPU
		{E2EBFC38-FE0E-4441-BD9E-DB0143B2A8F7}.Release|Any CPU.ActiveCfg = Release|Any CPU
		{E2EBFC38-FE0E-4441-BD9E-DB0143B2A8F7}.Release|Any CPU.Build.0 = Release|Any CPU
		{6DCB5D5F-C114-4C13-9D44-787E3620CAB3}.Debug|Any CPU.ActiveCfg = Debug|Any CPU
		{6DCB5D5F-C114-4C13-9D44-787E3620CAB3}.Debug|Any CPU.Build.0 = Debug|Any CPU
		{6DCB5D5F-C114-4C13-9D44-787E3620CAB3}.Release|Any CPU.ActiveCfg = Release|Any CPU
		{6DCB5D5F-C114-4C13-9D44-787E3620CAB3}.Release|Any CPU.Build.0 = Release|Any CPU
	EndGlobalSection
	GlobalSection(SolutionProperties) = preSolution
		HideSolutionNode = FALSE
	EndGlobalSection
	GlobalSection(ExtensibilityGlobals) = postSolution
		SolutionGuid = {533ACF02-BCB2-4797-9A73-82C421093ED5}
	EndGlobalSection
EndGlobal
